
Microsoft Visual Studio Solution File, Format Version 11.00
# Visual Studio 2010
Project("{FAE04EC0-301F-11D3-BF4B-00C04F79EFBC}") = "SocketServerTut", "SocketTut\SocketServerTut.csproj", "{0F2DF4B4-2039-4B47-97DF-62EEE0D99E94}"
EndProject
Project("{FAE04EC0-301F-11D3-BF4B-00C04F79EFBC}") = "SocketClientTut", "SocketClientTut\SocketClientTut.csproj", "{7CD36DF4-C298-4D6F-87F7-EA023277B448}"
EndProject
Project("{FAE04EC0-301F-11D3-BF4B-00C04F79EFBC}") = "SocketServerAsync", "SocketServerAsync\SocketServerAsync.csproj", "{188D3FBD-0C62-4CBC-89DB-81E6DE74B383}"
EndProject
Project("{FAE04EC0-301F-11D3-BF4B-00C04F79EFBC}") = "UdpServer", "UdpServer\UdpServer.csproj", "{2DA2A426-B856-4CC6-BCED-23308DD56BD5}"
EndProject
Project("{FAE04EC0-301F-11D3-BF4B-00C04F79EFBC}") = "UdpClient", "UdpClient\UdpClient.csproj", "{4E380D2C-C155-4D13-AFB7-71CCA75889B8}"
EndProject
Global
	GlobalSection(SolutionConfigurationPlatforms) = preSolution
		Debug|x86 = Debug|x86
		Release|x86 = Release|x86
	EndGlobalSection
	GlobalSection(ProjectConfigurationPlatforms) = postSolution
		{0F2DF4B4-2039-4B47-97DF-62EEE0D99E94}.Debug|x86.ActiveCfg = Debug|x86
		{0F2DF4B4-2039-4B47-97DF-62EEE0D99E94}.Debug|x86.Build.0 = Debug|x86
		{0F2DF4B4-2039-4B47-97DF-62EEE0D99E94}.Release|x86.ActiveCfg = Release|x86
		{0F2DF4B4-2039-4B47-97DF-62EEE0D99E94}.Release|x86.Build.0 = Release|x86
		{7CD36DF4-C298-4D6F-87F7-EA023277B448}.Debug|x86.ActiveCfg = Debug|x86
		{7CD36DF4-C298-4D6F-87F7-EA023277B448}.Debug|x86.Build.0 = Debug|x86
		{7CD36DF4-C298-4D6F-87F7-EA023277B448}.Release|x86.ActiveCfg = Release|x86
		{7CD36DF4-C298-4D6F-87F7-EA023277B448}.Release|x86.Build.0 = Release|x86
		{188D3FBD-0C62-4CBC-89DB-81E6DE74B383}.Debug|x86.ActiveCfg = Debug|x86
		{188D3FBD-0C62-4CBC-89DB-81E6DE74B383}.Debug|x86.Build.0 = Debug|x86
		{188D3FBD-0C62-4CBC-89DB-81E6DE74B383}.Release|x86.ActiveCfg = Release|x86
		{188D3FBD-0C62-4CBC-89DB-81E6DE74B383}.Release|x86.Build.0 = Release|x86
		{2DA2A426-B856-4CC6-BCED-23308DD56BD5}.Debug|x86.ActiveCfg = Debug|x86
		{2DA2A426-B856-4CC6-BCED-23308DD56BD5}.Debug|x86.Build.0 = Debug|x86
		{2DA2A426-B856-4CC6-BCED-23308DD56BD5}.Release|x86.ActiveCfg = Release|x86
		{2DA2A426-B856-4CC6-BCED-23308DD56BD5}.Release|x86.Build.0 = Release|x86
		{4E380D2C-C155-4D13-AFB7-71CCA75889B8}.Debug|x86.ActiveCfg = Debug|x86
		{4E380D2C-C155-4D13-AFB7-71CCA75889B8}.Debug|x86.Build.0 = Debug|x86
		{4E380D2C-C155-4D13-AFB7-71CCA75889B8}.Release|x86.ActiveCfg = Release|x86
		{4E380D2C-C155-4D13-AFB7-71CCA75889B8}.Release|x86.Build.0 = Release|x86
	EndGlobalSection
	GlobalSection(SolutionProperties) = preSolution
		HideSolutionNode = FALSE
	EndGlobalSection
EndGlobal
